
Microsoft Visual Studio Solution File, Format Version 12.00
# Visual Studio Version 16
VisualStudioVersion = 16.0.30517.126
MinimumVisualStudioVersion = 10.0.40219.1
Project("{FAE04EC0-301F-11D3-BF4B-00C04F79EFBC}") = "EmVerif", "EmVerif\EmVerif.csproj", "{56CBBB42-F2F8-4200-A329-34CF152B933A}"
EndProject
Global
	GlobalSection(SolutionConfigurationPlatforms) = preSolution
		Debug|Any CPU = Debug|Any CPU
		Release|Any CPU = Release|Any CPU
	EndGlobalSection
	GlobalSection(ProjectConfigurationPlatforms) = postSolution
		{56CBBB42-F2F8-4200-A329-34CF152B933A}.Debug|Any CPU.ActiveCfg = Debug|Any CPU
		{56CBBB42-F2F8-4200-A329-34CF152B933A}.Debug|Any CPU.Build.0 = Debug|Any CPU
		{56CBBB42-F2F8-4200-A329-34CF152B933A}.Release|Any CPU.ActiveCfg = Release|Any CPU
		{56CBBB42-F2F8-4200-A329-34CF152B933A}.Release|Any CPU.Build.0 = Release|Any CPU
	EndGlobalSection
	GlobalSection(SolutionProperties) = preSolution
		HideSolutionNode = FALSE
	EndGlobalSection
	GlobalSection(ExtensibilityGlobals) = postSolution
		SolutionGuid = {88412EF0-3515-42EA-AE8B-0472C1F2F455}
	EndGlobalSection
EndGlobal
